
Microsoft Visual Studio Solution File, Format Version 12.00
# Visual Studio Version 16
VisualStudioVersion = 16.0.30804.86
MinimumVisualStudioVersion = 10.0.40219.1
Project("{FAE04EC0-301F-11D3-BF4B-00C04F79EFBC}") = "TCPIPLib", "PrjServer\TCPIPLib.csproj", "{4012562A-B269-4ED9-B5B3-3AF86B87A3AD}"
EndProject
Project("{FAE04EC0-301F-11D3-BF4B-00C04F79EFBC}") = "ClientEntity", "ClientEntity\ClientEntity.csproj", "{5FD160EF-874A-40D6-8B78-2CB10F47E3A3}"
EndProject
Project("{FAE04EC0-301F-11D3-BF4B-00C04F79EFBC}") = "ServerEntity", "ServerEntity\ServerEntity.csproj", "{EDDF5CE7-B431-4371-B46D-26F3C168E155}"
EndProject
Global
	GlobalSection(SolutionConfigurationPlatforms) = preSolution
		Debug|Any CPU = Debug|Any CPU
		Release|Any CPU = Release|Any CPU
	EndGlobalSection
	GlobalSection(ProjectConfigurationPlatforms) = postSolution
		{4012562A-B269-4ED9-B5B3-3AF86B87A3AD}.Debug|Any CPU.ActiveCfg = Debug|Any CPU
		{4012562A-B269-4ED9-B5B3-3AF86B87A3AD}.Debug|Any CPU.Build.0 = Debug|Any CPU
		{4012562A-B269-4ED9-B5B3-3AF86B87A3AD}.Release|Any CPU.ActiveCfg = Release|Any CPU
		{4012562A-B269-4ED9-B5B3-3AF86B87A3AD}.Release|Any CPU.Build.0 = Release|Any CPU
		{5FD160EF-874A-40D6-8B78-2CB10F47E3A3}.Debug|Any CPU.ActiveCfg = Debug|Any CPU
		{5FD160EF-874A-40D6-8B78-2CB10F47E3A3}.Debug|Any CPU.Build.0 = Debug|Any CPU
		{5FD160EF-874A-40D6-8B78-2CB10F47E3A3}.Release|Any CPU.ActiveCfg = Release|Any CPU
		{5FD160EF-874A-40D6-8B78-2CB10F47E3A3}.Release|Any CPU.Build.0 = Release|Any CPU
		{EDDF5CE7-B431-4371-B46D-26F3C168E155}.Debug|Any CPU.ActiveCfg = Debug|Any CPU
		{EDDF5CE7-B431-4371-B46D-26F3C168E155}.Debug|Any CPU.Build.0 = Debug|Any CPU
		{EDDF5CE7-B431-4371-B46D-26F3C168E155}.Release|Any CPU.ActiveCfg = Release|Any CPU
		{EDDF5CE7-B431-4371-B46D-26F3C168E155}.Release|Any CPU.Build.0 = Release|Any CPU
	EndGlobalSection
	GlobalSection(SolutionProperties) = preSolution
		HideSolutionNode = FALSE
	EndGlobalSection
	GlobalSection(ExtensibilityGlobals) = postSolution
		SolutionGuid = {21303814-ACAC-491F-BA24-7C2AFCBCC48F}
	EndGlobalSection
EndGlobal
